
Microsoft Visual Studio Solution File, Format Version 12.00
# Visual Studio 15
VisualStudioVersion = 15.0.28307.572
MinimumVisualStudioVersion = 10.0.40219.1
Project("{FAE04EC0-301F-11D3-BF4B-00C04F79EFBC}") = "Homework1", "Homework1\Homework1.csproj", "{A69C032A-E5B2-4C6B-87FB-25971900DE69}"
EndProject
Global
	GlobalSection(SolutionConfigurationPlatforms) = preSolution
		Debug|Any CPU = Debug|Any CPU
		Release|Any CPU = Release|Any CPU
	EndGlobalSection
	GlobalSection(ProjectConfigurationPlatforms) = postSolution
		{A69C032A-E5B2-4C6B-87FB-25971900DE69}.Debug|Any CPU.ActiveCfg = Debug|Any CPU
		{A69C032A-E5B2-4C6B-87FB-25971900DE69}.Debug|Any CPU.Build.0 = Debug|Any CPU
		{A69C032A-E5B2-4C6B-87FB-25971900DE69}.Release|Any CPU.ActiveCfg = Release|Any CPU
		{A69C032A-E5B2-4C6B-87FB-25971900DE69}.Release|Any CPU.Build.0 = Release|Any CPU
	EndGlobalSection
	GlobalSection(SolutionProperties) = preSolution
		HideSolutionNode = FALSE
	EndGlobalSection
	GlobalSection(ExtensibilityGlobals) = postSolution
		SolutionGuid = {CF59109B-25A6-4F4B-942A-7AAA79807DA4}
	EndGlobalSection
EndGlobal
