
Microsoft Visual Studio Solution File, Format Version 12.00
# Visual Studio 15
VisualStudioVersion = 15.0.28307.572
MinimumVisualStudioVersion = 10.0.40219.1
Project("{FAE04EC0-301F-11D3-BF4B-00C04F79EFBC}") = "Homework2", "Homework2\Homework2.csproj", "{1C5571A3-B925-4B2A-9D07-60418569D825}"
EndProject
Global
	GlobalSection(SolutionConfigurationPlatforms) = preSolution
		Debug|Any CPU = Debug|Any CPU
		Release|Any CPU = Release|Any CPU
	EndGlobalSection
	GlobalSection(ProjectConfigurationPlatforms) = postSolution
		{1C5571A3-B925-4B2A-9D07-60418569D825}.Debug|Any CPU.ActiveCfg = Debug|Any CPU
		{1C5571A3-B925-4B2A-9D07-60418569D825}.Debug|Any CPU.Build.0 = Debug|Any CPU
		{1C5571A3-B925-4B2A-9D07-60418569D825}.Release|Any CPU.ActiveCfg = Release|Any CPU
		{1C5571A3-B925-4B2A-9D07-60418569D825}.Release|Any CPU.Build.0 = Release|Any CPU
	EndGlobalSection
	GlobalSection(SolutionProperties) = preSolution
		HideSolutionNode = FALSE
	EndGlobalSection
	GlobalSection(ExtensibilityGlobals) = postSolution
		SolutionGuid = {2D74AD5B-C999-47A8-B0A2-0D69FC6F93A0}
	EndGlobalSection
EndGlobal
